
Microsoft Visual Studio Solution File, Format Version 12.00
# Visual Studio 15
VisualStudioVersion = 15.0.28307.572
MinimumVisualStudioVersion = 10.0.40219.1
Project("{2150E333-8FDC-42A3-9474-1A3956D46DE8}") = "API", "API", "{AD440564-179F-4170-99B9-582DE826C771}"
EndProject
Project("{2150E333-8FDC-42A3-9474-1A3956D46DE8}") = "Shared", "Shared", "{5D305217-699C-4DD3-880C-549D80A5A2B7}"
EndProject
Project("{2150E333-8FDC-42A3-9474-1A3956D46DE8}") = "Web", "Web", "{4E974FD9-0B44-4DE7-8F61-B6EB61AFB94B}"
EndProject
Project("{FAE04EC0-301F-11D3-BF4B-00C04F79EFBC}") = "PatSam.Apps.WebAPI", "PatSam.Apps.WebAPI\PatSam.Apps.WebAPI.csproj", "{1184307F-6896-4CF2-99EA-1ACAA546F112}"
EndProject
Project("{FAE04EC0-301F-11D3-BF4B-00C04F79EFBC}") = "PatSam.Apps.Data", "PatSam.Apps.Data\PatSam.Apps.Data.csproj", "{95DD528D-B0B4-47D9-AC5E-A8D9F371363B}"
EndProject
Project("{FAE04EC0-301F-11D3-BF4B-00C04F79EFBC}") = "PatSam.Apps.Web", "PatSam.Apps.Web\PatSam.Apps.Web.csproj", "{9D6829D6-D5E4-4A99-AB7A-11747152F817}"
EndProject
Global
	GlobalSection(SolutionConfigurationPlatforms) = preSolution
		Debug|Any CPU = Debug|Any CPU
		Release|Any CPU = Release|Any CPU
	EndGlobalSection
	GlobalSection(ProjectConfigurationPlatforms) = postSolution
		{1184307F-6896-4CF2-99EA-1ACAA546F112}.Debug|Any CPU.ActiveCfg = Debug|Any CPU
		{1184307F-6896-4CF2-99EA-1ACAA546F112}.Debug|Any CPU.Build.0 = Debug|Any CPU
		{1184307F-6896-4CF2-99EA-1ACAA546F112}.Release|Any CPU.ActiveCfg = Release|Any CPU
		{1184307F-6896-4CF2-99EA-1ACAA546F112}.Release|Any CPU.Build.0 = Release|Any CPU
		{95DD528D-B0B4-47D9-AC5E-A8D9F371363B}.Debug|Any CPU.ActiveCfg = Debug|Any CPU
		{95DD528D-B0B4-47D9-AC5E-A8D9F371363B}.Debug|Any CPU.Build.0 = Debug|Any CPU
		{95DD528D-B0B4-47D9-AC5E-A8D9F371363B}.Release|Any CPU.ActiveCfg = Release|Any CPU
		{95DD528D-B0B4-47D9-AC5E-A8D9F371363B}.Release|Any CPU.Build.0 = Release|Any CPU
		{9D6829D6-D5E4-4A99-AB7A-11747152F817}.Debug|Any CPU.ActiveCfg = Debug|Any CPU
		{9D6829D6-D5E4-4A99-AB7A-11747152F817}.Debug|Any CPU.Build.0 = Debug|Any CPU
		{9D6829D6-D5E4-4A99-AB7A-11747152F817}.Release|Any CPU.ActiveCfg = Release|Any CPU
		{9D6829D6-D5E4-4A99-AB7A-11747152F817}.Release|Any CPU.Build.0 = Release|Any CPU
	EndGlobalSection
	GlobalSection(SolutionProperties) = preSolution
		HideSolutionNode = FALSE
	EndGlobalSection
	GlobalSection(NestedProjects) = preSolution
		{1184307F-6896-4CF2-99EA-1ACAA546F112} = {AD440564-179F-4170-99B9-582DE826C771}
		{95DD528D-B0B4-47D9-AC5E-A8D9F371363B} = {5D305217-699C-4DD3-880C-549D80A5A2B7}
		{9D6829D6-D5E4-4A99-AB7A-11747152F817} = {4E974FD9-0B44-4DE7-8F61-B6EB61AFB94B}
	EndGlobalSection
	GlobalSection(ExtensibilityGlobals) = postSolution
		SolutionGuid = {80807CBE-6A29-4E86-9A1F-E4958A169220}
	EndGlobalSection
EndGlobal
